
Microsoft Visual Studio Solution File, Format Version 12.00
# Visual Studio Version 17
VisualStudioVersion = 17.14.36518.9
MinimumVisualStudioVersion = 10.0.40219.1
Project("{FAE04EC0-301F-11D3-BF4B-00C04F79EFBC}") = "State_pattern", "State_pattern.csproj", "{21A96E3A-3720-45A8-A62B-E8F20D305C1E}"
EndProject
Global
	GlobalSection(SolutionConfigurationPlatforms) = preSolution
		Debug|Any CPU = Debug|Any CPU
		Release|Any CPU = Release|Any CPU
	EndGlobalSection
	GlobalSection(ProjectConfigurationPlatforms) = postSolution
		{21A96E3A-3720-45A8-A62B-E8F20D305C1E}.Debug|Any CPU.ActiveCfg = Debug|Any CPU
		{21A96E3A-3720-45A8-A62B-E8F20D305C1E}.Debug|Any CPU.Build.0 = Debug|Any CPU
		{21A96E3A-3720-45A8-A62B-E8F20D305C1E}.Release|Any CPU.ActiveCfg = Release|Any CPU
		{21A96E3A-3720-45A8-A62B-E8F20D305C1E}.Release|Any CPU.Build.0 = Release|Any CPU
	EndGlobalSection
	GlobalSection(SolutionProperties) = preSolution
		HideSolutionNode = FALSE
	EndGlobalSection
	GlobalSection(ExtensibilityGlobals) = postSolution
		SolutionGuid = {B8F836BD-DE76-4862-B758-67E82DEDBEC9}
	EndGlobalSection
EndGlobal
