
Microsoft Visual Studio Solution File, Format Version 12.00
# Visual Studio Version 17
VisualStudioVersion = 17.14.36518.9
MinimumVisualStudioVersion = 10.0.40219.1
Project("{FAE04EC0-301F-11D3-BF4B-00C04F79EFBC}") = "Template_method_pattern", "Template_method_pattern.csproj", "{99CB2809-F276-40C2-924D-04AB857492D7}"
EndProject
Global
	GlobalSection(SolutionConfigurationPlatforms) = preSolution
		Debug|Any CPU = Debug|Any CPU
		Release|Any CPU = Release|Any CPU
	EndGlobalSection
	GlobalSection(ProjectConfigurationPlatforms) = postSolution
		{99CB2809-F276-40C2-924D-04AB857492D7}.Debug|Any CPU.ActiveCfg = Debug|Any CPU
		{99CB2809-F276-40C2-924D-04AB857492D7}.Debug|Any CPU.Build.0 = Debug|Any CPU
		{99CB2809-F276-40C2-924D-04AB857492D7}.Release|Any CPU.ActiveCfg = Release|Any CPU
		{99CB2809-F276-40C2-924D-04AB857492D7}.Release|Any CPU.Build.0 = Release|Any CPU
	EndGlobalSection
	GlobalSection(SolutionProperties) = preSolution
		HideSolutionNode = FALSE
	EndGlobalSection
	GlobalSection(ExtensibilityGlobals) = postSolution
		SolutionGuid = {5BDF009C-44E4-4DC3-A64F-7FDCFB875556}
	EndGlobalSection
EndGlobal
